
Microsoft Visual Studio Solution File, Format Version 12.00
# Visual Studio Version 16
VisualStudioVersion = 16.0.31025.194
MinimumVisualStudioVersion = 10.0.40219.1
Project("{FAE04EC0-301F-11D3-BF4B-00C04F79EFBC}") = "leetcode_TwoSum", "leetcode_TwoSum.csproj", "{1032CDBF-F8CE-4E11-86CD-349632FA9813}"
EndProject
Global
	GlobalSection(SolutionConfigurationPlatforms) = preSolution
		Debug|Any CPU = Debug|Any CPU
		Release|Any CPU = Release|Any CPU
	EndGlobalSection
	GlobalSection(ProjectConfigurationPlatforms) = postSolution
		{1032CDBF-F8CE-4E11-86CD-349632FA9813}.Debug|Any CPU.ActiveCfg = Debug|Any CPU
		{1032CDBF-F8CE-4E11-86CD-349632FA9813}.Debug|Any CPU.Build.0 = Debug|Any CPU
		{1032CDBF-F8CE-4E11-86CD-349632FA9813}.Release|Any CPU.ActiveCfg = Release|Any CPU
		{1032CDBF-F8CE-4E11-86CD-349632FA9813}.Release|Any CPU.Build.0 = Release|Any CPU
	EndGlobalSection
	GlobalSection(SolutionProperties) = preSolution
		HideSolutionNode = FALSE
	EndGlobalSection
	GlobalSection(ExtensibilityGlobals) = postSolution
		SolutionGuid = {EF3304D5-1F5B-4864-92B2-4F39598D89F1}
	EndGlobalSection
EndGlobal
